
Microsoft Visual Studio Solution File, Format Version 12.00
# Visual Studio Version 16
VisualStudioVersion = 16.0.30517.126
MinimumVisualStudioVersion = 10.0.40219.1
Project("{FAE04EC0-301F-11D3-BF4B-00C04F79EFBC}") = "SistemasOperacionais.ControleMemoria", "SistemasOperacionais.ControleMemoria\SistemasOperacionais.ControleMemoria.csproj", "{6660A86C-D53A-4A49-B4AC-5E353774C56B}"
EndProject
Global
	GlobalSection(SolutionConfigurationPlatforms) = preSolution
		Debug|Any CPU = Debug|Any CPU
		Release|Any CPU = Release|Any CPU
	EndGlobalSection
	GlobalSection(ProjectConfigurationPlatforms) = postSolution
		{6660A86C-D53A-4A49-B4AC-5E353774C56B}.Debug|Any CPU.ActiveCfg = Debug|Any CPU
		{6660A86C-D53A-4A49-B4AC-5E353774C56B}.Debug|Any CPU.Build.0 = Debug|Any CPU
		{6660A86C-D53A-4A49-B4AC-5E353774C56B}.Release|Any CPU.ActiveCfg = Release|Any CPU
		{6660A86C-D53A-4A49-B4AC-5E353774C56B}.Release|Any CPU.Build.0 = Release|Any CPU
	EndGlobalSection
	GlobalSection(SolutionProperties) = preSolution
		HideSolutionNode = FALSE
	EndGlobalSection
	GlobalSection(ExtensibilityGlobals) = postSolution
		SolutionGuid = {9D3E1FD9-CDCF-4BFD-A428-A361596473AD}
	EndGlobalSection
EndGlobal
